// !$*UTF8*$!
{
	archiveVersion = 1;
	classes = {
	};
	objectVersion = 55;
	objects = {

/* Begin PBXBuildFile section */
		490E28752897D34300E45E93 /* CarFeatureView.swift in Sources */ = {isa = PBXBuildFile; fileRef = 490E28742897D34300E45E93 /* CarFeatureView.swift */; };
		490E28772897D36700E45E93 /* CarFeatureView.xib in Resources */ = {isa = PBXBuildFile; fileRef = 490E28762897D36700E45E93 /* CarFeatureView.xib */; };
		490E28792897F93B00E45E93 /* CarDetailViewController.swift in Sources */ = {isa = PBXBuildFile; fileRef = 490E28782897F93B00E45E93 /* CarDetailViewController.swift */; };
		491A57442892697400D05BB6 /* UIView+Extension.swift in Sources */ = {isa = PBXBuildFile; fileRef = 491A57432892697400D05BB6 /* UIView+Extension.swift */; };
		491A574728927DF100D05BB6 /* Button.swift in Sources */ = {isa = PBXBuildFile; fileRef = 491A574628927DF100D05BB6 /* Button.swift */; };
		491A574928927E8300D05BB6 /* UIColor+Extension.swift in Sources */ = {isa = PBXBuildFile; fileRef = 491A574828927E8300D05BB6 /* UIColor+Extension.swift */; };
		491A57522892B79500D05BB6 /* KeychainWrapper.swift in Sources */ = {isa = PBXBuildFile; fileRef = 491A57512892B79500D05BB6 /* KeychainWrapper.swift */; };
		491A57542892B8C100D05BB6 /* KeychainAttrRepresentable.swift in Sources */ = {isa = PBXBuildFile; fileRef = 491A57532892B8C100D05BB6 /* KeychainAttrRepresentable.swift */; };
		491A57562892BB9300D05BB6 /* LaunchViewController.swift in Sources */ = {isa = PBXBuildFile; fileRef = 491A57552892BB9300D05BB6 /* LaunchViewController.swift */; };
		491A57582892BC4B00D05BB6 /* Defaults.swift in Sources */ = {isa = PBXBuildFile; fileRef = 491A57572892BC4B00D05BB6 /* Defaults.swift */; };
		491A575B2892BCE200D05BB6 /* VC.swift in Sources */ = {isa = PBXBuildFile; fileRef = 491A575A2892BCE200D05BB6 /* VC.swift */; };
		491A575D2892CADA00D05BB6 /* HomeViewController.swift in Sources */ = {isa = PBXBuildFile; fileRef = 491A575C2892CADA00D05BB6 /* HomeViewController.swift */; };
		499260602893B2CE00414280 /* TabBarViewController.swift in Sources */ = {isa = PBXBuildFile; fileRef = 4992605F2893B2CE00414280 /* TabBarViewController.swift */; };
		4992606F2893CC6A00414280 /* BrandViewModel.swift in Sources */ = {isa = PBXBuildFile; fileRef = 4992606E2893CC6A00414280 /* BrandViewModel.swift */; };
		499260732893D72800414280 /* BrandCollectionViewCell.swift in Sources */ = {isa = PBXBuildFile; fileRef = 499260712893D72800414280 /* BrandCollectionViewCell.swift */; };
		499260742893D72800414280 /* BrandCollectionViewCell.xib in Resources */ = {isa = PBXBuildFile; fileRef = 499260722893D72800414280 /* BrandCollectionViewCell.xib */; };
		4992607828940E8100414280 /* CarTableViewCell.swift in Sources */ = {isa = PBXBuildFile; fileRef = 4992607628940E8100414280 /* CarTableViewCell.swift */; };
		4992607928940E8100414280 /* CarTableViewCell.xib in Resources */ = {isa = PBXBuildFile; fileRef = 4992607728940E8100414280 /* CarTableViewCell.xib */; };
		4992607C2894114800414280 /* Car.swift in Sources */ = {isa = PBXBuildFile; fileRef = 4992607B2894114800414280 /* Car.swift */; };
		49930BCE28B35697003DBB22 /* SignUpViewController.swift in Sources */ = {isa = PBXBuildFile; fileRef = 49930BCD28B35697003DBB22 /* SignUpViewController.swift */; };
		4996A47928AB9BD700038BB2 /* Brand.swift in Sources */ = {isa = PBXBuildFile; fileRef = 4996A47828AB9BD700038BB2 /* Brand.swift */; };
		4998957828B4B11700BA9A7D /* UIButton+Extension.swift in Sources */ = {isa = PBXBuildFile; fileRef = 4998957728B4B11700BA9A7D /* UIButton+Extension.swift */; };
		49A0A15028A6939700C6469E /* UIImageView+Extension.swift in Sources */ = {isa = PBXBuildFile; fileRef = 49A0A14F28A6939700C6469E /* UIImageView+Extension.swift */; };
		49A9B46828915130006A2C6F /* AppDelegate.swift in Sources */ = {isa = PBXBuildFile; fileRef = 49A9B46728915130006A2C6F /* AppDelegate.swift */; };
		49A9B46A28915130006A2C6F /* SceneDelegate.swift in Sources */ = {isa = PBXBuildFile; fileRef = 49A9B46928915130006A2C6F /* SceneDelegate.swift */; };
		49A9B46C28915130006A2C6F /* SignInViewController.swift in Sources */ = {isa = PBXBuildFile; fileRef = 49A9B46B28915130006A2C6F /* SignInViewController.swift */; };
		49A9B46F28915131006A2C6F /* Main.storyboard in Resources */ = {isa = PBXBuildFile; fileRef = 49A9B46D28915131006A2C6F /* Main.storyboard */; };
		49A9B47128915150006A2C6F /* Assets.xcassets in Resources */ = {isa = PBXBuildFile; fileRef = 49A9B47028915150006A2C6F /* Assets.xcassets */; };
		49A9B47428915150006A2C6F /* LaunchScreen.storyboard in Resources */ = {isa = PBXBuildFile; fileRef = 49A9B47228915150006A2C6F /* LaunchScreen.storyboard */; };
		49A9B48128915364006A2C6F /* Poppins-SemiBold.ttf in Resources */ = {isa = PBXBuildFile; fileRef = 49A9B47D28915364006A2C6F /* Poppins-SemiBold.ttf */; };
		49A9B48228915364006A2C6F /* Poppins-Medium.ttf in Resources */ = {isa = PBXBuildFile; fileRef = 49A9B47E28915364006A2C6F /* Poppins-Medium.ttf */; };
		49A9B48328915364006A2C6F /* Poppins-Regular.ttf in Resources */ = {isa = PBXBuildFile; fileRef = 49A9B47F28915364006A2C6F /* Poppins-Regular.ttf */; };
		49A9B48428915364006A2C6F /* Poppins-Bold.ttf in Resources */ = {isa = PBXBuildFile; fileRef = 49A9B48028915364006A2C6F /* Poppins-Bold.ttf */; };
		49A9B48D2891585D006A2C6F /* Nunito-Bold.ttf in Resources */ = {isa = PBXBuildFile; fileRef = 49A9B48A2891585D006A2C6F /* Nunito-Bold.ttf */; };
		49A9B48E2891585D006A2C6F /* Nunito-ExtraBold.ttf in Resources */ = {isa = PBXBuildFile; fileRef = 49A9B48B2891585D006A2C6F /* Nunito-ExtraBold.ttf */; };
		49A9B48F2891585D006A2C6F /* Nunito-Black.ttf in Resources */ = {isa = PBXBuildFile; fileRef = 49A9B48C2891585D006A2C6F /* Nunito-Black.ttf */; };
		49A9B49228916095006A2C6F /* IconTextField.swift in Sources */ = {isa = PBXBuildFile; fileRef = 49A9B49128916095006A2C6F /* IconTextField.swift */; };
		49A9B4942891644F006A2C6F /* IconTextField.xib in Resources */ = {isa = PBXBuildFile; fileRef = 49A9B4932891644F006A2C6F /* IconTextField.xib */; };
		49A9B4962891768D006A2C6F /* TextFieldViewModel.swift in Sources */ = {isa = PBXBuildFile; fileRef = 49A9B4952891768D006A2C6F /* TextFieldViewModel.swift */; };
		49ABC5D828AF76F300909CA5 /* GoogleService-Info.plist in Resources */ = {isa = PBXBuildFile; fileRef = 49ABC5D728AF76F300909CA5 /* GoogleService-Info.plist */; };
		49BAD4C82898FCF10026FC5F /* Realm in Frameworks */ = {isa = PBXBuildFile; productRef = 49BAD4C72898FCF10026FC5F /* Realm */; };
		49BAD4CA2898FCF10026FC5F /* RealmSwift in Frameworks */ = {isa = PBXBuildFile; productRef = 49BAD4C92898FCF10026FC5F /* RealmSwift */; };
		49BAD4CD2898FEA50026FC5F /* Customer.swift in Sources */ = {isa = PBXBuildFile; fileRef = 49BAD4CC2898FEA50026FC5F /* Customer.swift */; };
		49BAD4CF289901670026FC5F /* Cars.swift in Sources */ = {isa = PBXBuildFile; fileRef = 49BAD4CE289901670026FC5F /* Cars.swift */; };
		49BAD4D12899060B0026FC5F /* Rental.swift in Sources */ = {isa = PBXBuildFile; fileRef = 49BAD4D02899060B0026FC5F /* Rental.swift */; };
		49BAD4D3289908F90026FC5F /* Transaction.swift in Sources */ = {isa = PBXBuildFile; fileRef = 49BAD4D2289908F90026FC5F /* Transaction.swift */; };
		49BAD4D528990BA70026FC5F /* Driver.swift in Sources */ = {isa = PBXBuildFile; fileRef = 49BAD4D428990BA70026FC5F /* Driver.swift */; };
		49BAD4D728990C0D0026FC5F /* Report.swift in Sources */ = {isa = PBXBuildFile; fileRef = 49BAD4D628990C0D0026FC5F /* Report.swift */; };
		49C71EE328AFA0870073ADEE /* FirebaseAnalytics in Frameworks */ = {isa = PBXBuildFile; productRef = 49C71EE228AFA0870073ADEE /* FirebaseAnalytics */; };
		49C71EE528AFA0870073ADEE /* FirebaseAnalyticsSwift in Frameworks */ = {isa = PBXBuildFile; productRef = 49C71EE428AFA0870073ADEE /* FirebaseAnalyticsSwift */; };
		49C71EE728AFA0870073ADEE /* FirebaseAuth in Frameworks */ = {isa = PBXBuildFile; productRef = 49C71EE628AFA0870073ADEE /* FirebaseAuth */; };
		49C71EE928AFA0870073ADEE /* FirebaseAuthCombine-Community in Frameworks */ = {isa = PBXBuildFile; productRef = 49C71EE828AFA0870073ADEE /* FirebaseAuthCombine-Community */; };
		49C71EEB28AFA0870073ADEE /* FirebaseCrashlytics in Frameworks */ = {isa = PBXBuildFile; productRef = 49C71EEA28AFA0870073ADEE /* FirebaseCrashlytics */; };
		49C71EED28AFA0870073ADEE /* FirebaseDatabase in Frameworks */ = {isa = PBXBuildFile; productRef = 49C71EEC28AFA0870073ADEE /* FirebaseDatabase */; };
		49C71EEF28AFA0870073ADEE /* FirebaseDatabaseSwift in Frameworks */ = {isa = PBXBuildFile; productRef = 49C71EEE28AFA0870073ADEE /* FirebaseDatabaseSwift */; };
		49C71EF128AFA0870073ADEE /* FirebaseFirestore in Frameworks */ = {isa = PBXBuildFile; productRef = 49C71EF028AFA0870073ADEE /* FirebaseFirestore */; };
		49C71EF328AFA0870073ADEE /* FirebaseFirestoreCombine-Community in Frameworks */ = {isa = PBXBuildFile; productRef = 49C71EF228AFA0870073ADEE /* FirebaseFirestoreCombine-Community */; };
		49C71EF528AFA0870073ADEE /* FirebaseFirestoreSwift in Frameworks */ = {isa = PBXBuildFile; productRef = 49C71EF428AFA0870073ADEE /* FirebaseFirestoreSwift */; };
		49C71EF728AFA0870073ADEE /* FirebaseMessaging in Frameworks */ = {isa = PBXBuildFile; productRef = 49C71EF628AFA0870073ADEE /* FirebaseMessaging */; };
		49C71EF928AFA0870073ADEE /* FirebaseStorage in Frameworks */ = {isa = PBXBuildFile; productRef = 49C71EF828AFA0870073ADEE /* FirebaseStorage */; };
		49C71EFB28AFA0870073ADEE /* FirebaseStorageCombine-Community in Frameworks */ = {isa = PBXBuildFile; productRef = 49C71EFA28AFA0870073ADEE /* FirebaseStorageCombine-Community */; };
		49C71EFD28AFBF290073ADEE /* Gradient.swift in Sources */ = {isa = PBXBuildFile; fileRef = 49C71EFC28AFBF290073ADEE /* Gradient.swift */; };
		49C71EFF28AFC35A0073ADEE /* UIImage+Extension.swift in Sources */ = {isa = PBXBuildFile; fileRef = 49C71EFE28AFC35A0073ADEE /* UIImage+Extension.swift */; };
		49C71F0428AFCC960073ADEE /* IconLabel.xib in Resources */ = {isa = PBXBuildFile; fileRef = 49C71F0328AFCC960073ADEE /* IconLabel.xib */; };
		49C71F0628AFD1100073ADEE /* IconLabel.swift in Sources */ = {isa = PBXBuildFile; fileRef = 49C71F0528AFD1100073ADEE /* IconLabel.swift */; };
		49C71F0828AFD2D00073ADEE /* IconLabelViewModel.swift in Sources */ = {isa = PBXBuildFile; fileRef = 49C71F0728AFD2D00073ADEE /* IconLabelViewModel.swift */; };
		49C71F0C28AFD8860073ADEE /* SettingViewController.swift in Sources */ = {isa = PBXBuildFile; fileRef = 49C71F0B28AFD8860073ADEE /* SettingViewController.swift */; };
		49E781A528B3C25E008F6FD0 /* LoadingView.swift in Sources */ = {isa = PBXBuildFile; fileRef = 49E781A428B3C25E008F6FD0 /* LoadingView.swift */; };
		49E781A728B3C26F008F6FD0 /* LoadingView.xib in Resources */ = {isa = PBXBuildFile; fileRef = 49E781A628B3C26F008F6FD0 /* LoadingView.xib */; };
/* End PBXBuildFile section */

/* Begin PBXFileReference section */
		490E28742897D34300E45E93 /* CarFeatureView.swift */ = {isa = PBXFileReference; lastKnownFileType = sourcecode.swift; path = CarFeatureView.swift; sourceTree = "<group>"; };
		490E28762897D36700E45E93 /* CarFeatureView.xib */ = {isa = PBXFileReference; lastKnownFileType = file.xib; path = CarFeatureView.xib; sourceTree = "<group>"; };
		490E28782897F93B00E45E93 /* CarDetailViewController.swift */ = {isa = PBXFileReference; lastKnownFileType = sourcecode.swift; path = CarDetailViewController.swift; sourceTree = "<group>"; };
		491A57432892697400D05BB6 /* UIView+Extension.swift */ = {isa = PBXFileReference; lastKnownFileType = sourcecode.swift; path = "UIView+Extension.swift"; sourceTree = "<group>"; };
		491A574628927DF100D05BB6 /* Button.swift */ = {isa = PBXFileReference; lastKnownFileType = sourcecode.swift; path = Button.swift; sourceTree = "<group>"; };
		491A574828927E8300D05BB6 /* UIColor+Extension.swift */ = {isa = PBXFileReference; lastKnownFileType = sourcecode.swift; path = "UIColor+Extension.swift"; sourceTree = "<group>"; };
		491A57512892B79500D05BB6 /* KeychainWrapper.swift */ = {isa = PBXFileReference; lastKnownFileType = sourcecode.swift; path = KeychainWrapper.swift; sourceTree = "<group>"; };
		491A57532892B8C100D05BB6 /* KeychainAttrRepresentable.swift */ = {isa = PBXFileReference; lastKnownFileType = sourcecode.swift; path = KeychainAttrRepresentable.swift; sourceTree = "<group>"; };
		491A57552892BB9300D05BB6 /* LaunchViewController.swift */ = {isa = PBXFileReference; lastKnownFileType = sourcecode.swift; name = LaunchViewController.swift; path = CarRental/Pages/LaunchViewController.swift; sourceTree = SOURCE_ROOT; };
		491A57572892BC4B00D05BB6 /* Defaults.swift */ = {isa = PBXFileReference; lastKnownFileType = sourcecode.swift; path = Defaults.swift; sourceTree = "<group>"; };
		491A575A2892BCE200D05BB6 /* VC.swift */ = {isa = PBXFileReference; lastKnownFileType = sourcecode.swift; path = VC.swift; sourceTree = "<group>"; };
		491A575C2892CADA00D05BB6 /* HomeViewController.swift */ = {isa = PBXFileReference; lastKnownFileType = sourcecode.swift; name = HomeViewController.swift; path = CarRental/Pages/HomeViewController.swift; sourceTree = SOURCE_ROOT; };
		4992605F2893B2CE00414280 /* TabBarViewController.swift */ = {isa = PBXFileReference; lastKnownFileType = sourcecode.swift; name = TabBarViewController.swift; path = CarRental/Pages/TabBarViewController.swift; sourceTree = SOURCE_ROOT; };
		4992606E2893CC6A00414280 /* BrandViewModel.swift */ = {isa = PBXFileReference; lastKnownFileType = sourcecode.swift; path = BrandViewModel.swift; sourceTree = "<group>"; };
		499260712893D72800414280 /* BrandCollectionViewCell.swift */ = {isa = PBXFileReference; lastKnownFileType = sourcecode.swift; path = BrandCollectionViewCell.swift; sourceTree = "<group>"; };
		499260722893D72800414280 /* BrandCollectionViewCell.xib */ = {isa = PBXFileReference; lastKnownFileType = file.xib; path = BrandCollectionViewCell.xib; sourceTree = "<group>"; };
		4992607628940E8100414280 /* CarTableViewCell.swift */ = {isa = PBXFileReference; lastKnownFileType = sourcecode.swift; path = CarTableViewCell.swift; sourceTree = "<group>"; };
		4992607728940E8100414280 /* CarTableViewCell.xib */ = {isa = PBXFileReference; lastKnownFileType = file.xib; path = CarTableViewCell.xib; sourceTree = "<group>"; };
		4992607B2894114800414280 /* Car.swift */ = {isa = PBXFileReference; lastKnownFileType = sourcecode.swift; path = Car.swift; sourceTree = "<group>"; };
		49930BCD28B35697003DBB22 /* SignUpViewController.swift */ = {isa = PBXFileReference; lastKnownFileType = sourcecode.swift; path = SignUpViewController.swift; sourceTree = "<group>"; };
		4996A47828AB9BD700038BB2 /* Brand.swift */ = {isa = PBXFileReference; lastKnownFileType = sourcecode.swift; path = Brand.swift; sourceTree = "<group>"; };
		4998957728B4B11700BA9A7D /* UIButton+Extension.swift */ = {isa = PBXFileReference; lastKnownFileType = sourcecode.swift; path = "UIButton+Extension.swift"; sourceTree = "<group>"; };
		49A0A14F28A6939700C6469E /* UIImageView+Extension.swift */ = {isa = PBXFileReference; lastKnownFileType = sourcecode.swift; path = "UIImageView+Extension.swift"; sourceTree = "<group>"; };
		49A9B46428915130006A2C6F /* CarRental.app */ = {isa = PBXFileReference; explicitFileType = wrapper.application; includeInIndex = 0; path = CarRental.app; sourceTree = BUILT_PRODUCTS_DIR; };
		49A9B46728915130006A2C6F /* AppDelegate.swift */ = {isa = PBXFileReference; lastKnownFileType = sourcecode.swift; path = AppDelegate.swift; sourceTree = "<group>"; };
		49A9B46928915130006A2C6F /* SceneDelegate.swift */ = {isa = PBXFileReference; lastKnownFileType = sourcecode.swift; path = SceneDelegate.swift; sourceTree = "<group>"; };
		49A9B46B28915130006A2C6F /* SignInViewController.swift */ = {isa = PBXFileReference; lastKnownFileType = sourcecode.swift; path = SignInViewController.swift; sourceTree = "<group>"; };
		49A9B46E28915131006A2C6F /* Base */ = {isa = PBXFileReference; lastKnownFileType = file.storyboard; name = Base; path = Base.lproj/Main.storyboard; sourceTree = "<group>"; };
		49A9B47028915150006A2C6F /* Assets.xcassets */ = {isa = PBXFileReference; lastKnownFileType = folder.assetcatalog; path = Assets.xcassets; sourceTree = "<group>"; };
		49A9B47328915150006A2C6F /* Base */ = {isa = PBXFileReference; lastKnownFileType = file.storyboard; name = Base; path = Base.lproj/LaunchScreen.storyboard; sourceTree = "<group>"; };
		49A9B47528915150006A2C6F /* Info.plist */ = {isa = PBXFileReference; lastKnownFileType = text.plist.xml; path = Info.plist; sourceTree = "<group>"; };
		49A9B47D28915364006A2C6F /* Poppins-SemiBold.ttf */ = {isa = PBXFileReference; lastKnownFileType = file; path = "Poppins-SemiBold.ttf"; sourceTree = "<group>"; };
		49A9B47E28915364006A2C6F /* Poppins-Medium.ttf */ = {isa = PBXFileReference; lastKnownFileType = file; path = "Poppins-Medium.ttf"; sourceTree = "<group>"; };
		49A9B47F28915364006A2C6F /* Poppins-Regular.ttf */ = {isa = PBXFileReference; lastKnownFileType = file; path = "Poppins-Regular.ttf"; sourceTree = "<group>"; };
		49A9B48028915364006A2C6F /* Poppins-Bold.ttf */ = {isa = PBXFileReference; lastKnownFileType = file; path = "Poppins-Bold.ttf"; sourceTree = "<group>"; };
		49A9B48A2891585D006A2C6F /* Nunito-Bold.ttf */ = {isa = PBXFileReference; lastKnownFileType = file; path = "Nunito-Bold.ttf"; sourceTree = "<group>"; };
		49A9B48B2891585D006A2C6F /* Nunito-ExtraBold.ttf */ = {isa = PBXFileReference; lastKnownFileType = file; path = "Nunito-ExtraBold.ttf"; sourceTree = "<group>"; };
		49A9B48C2891585D006A2C6F /* Nunito-Black.ttf */ = {isa = PBXFileReference; lastKnownFileType = file; path = "Nunito-Black.ttf"; sourceTree = "<group>"; };
		49A9B49128916095006A2C6F /* IconTextField.swift */ = {isa = PBXFileReference; lastKnownFileType = sourcecode.swift; path = IconTextField.swift; sourceTree = "<group>"; };
		49A9B4932891644F006A2C6F /* IconTextField.xib */ = {isa = PBXFileReference; lastKnownFileType = file.xib; path = IconTextField.xib; sourceTree = "<group>"; };
		49A9B4952891768D006A2C6F /* TextFieldViewModel.swift */ = {isa = PBXFileReference; lastKnownFileType = sourcecode.swift; path = TextFieldViewModel.swift; sourceTree = "<group>"; };
		49ABC5D728AF76F300909CA5 /* GoogleService-Info.plist */ = {isa = PBXFileReference; fileEncoding = 4; lastKnownFileType = text.plist.xml; name = "GoogleService-Info.plist"; path = "../../../../../../Downloads/GoogleService-Info.plist"; sourceTree = "<group>"; };
		49BAD4CC2898FEA50026FC5F /* Customer.swift */ = {isa = PBXFileReference; lastKnownFileType = sourcecode.swift; path = Customer.swift; sourceTree = "<group>"; };
		49BAD4CE289901670026FC5F /* Cars.swift */ = {isa = PBXFileReference; lastKnownFileType = sourcecode.swift; path = Cars.swift; sourceTree = "<group>"; };
		49BAD4D02899060B0026FC5F /* Rental.swift */ = {isa = PBXFileReference; lastKnownFileType = sourcecode.swift; path = Rental.swift; sourceTree = "<group>"; };
		49BAD4D2289908F90026FC5F /* Transaction.swift */ = {isa = PBXFileReference; lastKnownFileType = sourcecode.swift; path = Transaction.swift; sourceTree = "<group>"; };
		49BAD4D428990BA70026FC5F /* Driver.swift */ = {isa = PBXFileReference; lastKnownFileType = sourcecode.swift; path = Driver.swift; sourceTree = "<group>"; };
		49BAD4D628990C0D0026FC5F /* Report.swift */ = {isa = PBXFileReference; lastKnownFileType = sourcecode.swift; path = Report.swift; sourceTree = "<group>"; };
		49C71EFC28AFBF290073ADEE /* Gradient.swift */ = {isa = PBXFileReference; lastKnownFileType = sourcecode.swift; path = Gradient.swift; sourceTree = "<group>"; };
		49C71EFE28AFC35A0073ADEE /* UIImage+Extension.swift */ = {isa = PBXFileReference; lastKnownFileType = sourcecode.swift; path = "UIImage+Extension.swift"; sourceTree = "<group>"; };
		49C71F0328AFCC960073ADEE /* IconLabel.xib */ = {isa = PBXFileReference; lastKnownFileType = file.xib; path = IconLabel.xib; sourceTree = "<group>"; };
		49C71F0528AFD1100073ADEE /* IconLabel.swift */ = {isa = PBXFileReference; lastKnownFileType = sourcecode.swift; path = IconLabel.swift; sourceTree = "<group>"; };
		49C71F0728AFD2D00073ADEE /* IconLabelViewModel.swift */ = {isa = PBXFileReference; lastKnownFileType = sourcecode.swift; path = IconLabelViewModel.swift; sourceTree = "<group>"; };
		49C71F0B28AFD8860073ADEE /* SettingViewController.swift */ = {isa = PBXFileReference; lastKnownFileType = sourcecode.swift; path = SettingViewController.swift; sourceTree = "<group>"; };
		49E781A428B3C25E008F6FD0 /* LoadingView.swift */ = {isa = PBXFileReference; lastKnownFileType = sourcecode.swift; path = LoadingView.swift; sourceTree = "<group>"; };
		49E781A628B3C26F008F6FD0 /* LoadingView.xib */ = {isa = PBXFileReference; lastKnownFileType = file.xib; path = LoadingView.xib; sourceTree = "<group>"; };
/* End PBXFileReference section */

/* Begin PBXFrameworksBuildPhase section */
		49A9B46128915130006A2C6F /* Frameworks */ = {
			isa = PBXFrameworksBuildPhase;
			buildActionMask = 2147483647;
			files = (
				49C71EE528AFA0870073ADEE /* FirebaseAnalyticsSwift in Frameworks */,
				49C71EE928AFA0870073ADEE /* FirebaseAuthCombine-Community in Frameworks */,
				49C71EE728AFA0870073ADEE /* FirebaseAuth in Frameworks */,
				49C71EF128AFA0870073ADEE /* FirebaseFirestore in Frameworks */,
				49C71EEF28AFA0870073ADEE /* FirebaseDatabaseSwift in Frameworks */,
				49C71EF328AFA0870073ADEE /* FirebaseFirestoreCombine-Community in Frameworks */,
				49C71EEB28AFA0870073ADEE /* FirebaseCrashlytics in Frameworks */,
				49C71EFB28AFA0870073ADEE /* FirebaseStorageCombine-Community in Frameworks */,
				49BAD4CA2898FCF10026FC5F /* RealmSwift in Frameworks */,
				49C71EF728AFA0870073ADEE /* FirebaseMessaging in Frameworks */,
				49BAD4C82898FCF10026FC5F /* Realm in Frameworks */,
				49C71EED28AFA0870073ADEE /* FirebaseDatabase in Frameworks */,
				49C71EF928AFA0870073ADEE /* FirebaseStorage in Frameworks */,
				49C71EE328AFA0870073ADEE /* FirebaseAnalytics in Frameworks */,
				49C71EF528AFA0870073ADEE /* FirebaseFirestoreSwift in Frameworks */,
			);
			runOnlyForDeploymentPostprocessing = 0;
		};
/* End PBXFrameworksBuildPhase section */

/* Begin PBXGroup section */
		490E28732897D2B400E45E93 /* CarFeatureView */ = {
			isa = PBXGroup;
			children = (
				490E28742897D34300E45E93 /* CarFeatureView.swift */,
				490E28762897D36700E45E93 /* CarFeatureView.xib */,
			);
			path = CarFeatureView;
			sourceTree = "<group>";
		};
		491A57422892695000D05BB6 /* Extensions */ = {
			isa = PBXGroup;
			children = (
				491A57432892697400D05BB6 /* UIView+Extension.swift */,
				491A574828927E8300D05BB6 /* UIColor+Extension.swift */,
				49A0A14F28A6939700C6469E /* UIImageView+Extension.swift */,
				49C71EFE28AFC35A0073ADEE /* UIImage+Extension.swift */,
				4998957728B4B11700BA9A7D /* UIButton+Extension.swift */,
			);
			path = Extensions;
			sourceTree = "<group>";
		};
		491A574528927DA200D05BB6 /* Buttons */ = {
			isa = PBXGroup;
			children = (
				491A574628927DF100D05BB6 /* Button.swift */,
			);
			path = Buttons;
			sourceTree = "<group>";
		};
		491A57502892B76F00D05BB6 /* Utils */ = {
			isa = PBXGroup;
			children = (
				491A57512892B79500D05BB6 /* KeychainWrapper.swift */,
				491A57532892B8C100D05BB6 /* KeychainAttrRepresentable.swift */,
				491A57572892BC4B00D05BB6 /* Defaults.swift */,
			);
			path = Utils;
			sourceTree = "<group>";
		};
		491A57592892BCC400D05BB6 /* Container */ = {
			isa = PBXGroup;
			children = (
				491A575A2892BCE200D05BB6 /* VC.swift */,
			);
			path = Container;
			sourceTree = "<group>";
		};
		4992606C2893CC2C00414280 /* Models */ = {
			isa = PBXGroup;
			children = (
				4992607A2894113500414280 /* Cars */,
				4992606D2893CC4600414280 /* Brands */,
			);
			path = Models;
			sourceTree = "<group>";
		};
		4992606D2893CC4600414280 /* Brands */ = {
			isa = PBXGroup;
			children = (
				4992606E2893CC6A00414280 /* BrandViewModel.swift */,
			);
			path = Brands;
			sourceTree = "<group>";
		};
		499260702893D6FF00414280 /* BrandCollectionViewCell */ = {
			isa = PBXGroup;
			children = (
				499260712893D72800414280 /* BrandCollectionViewCell.swift */,
				499260722893D72800414280 /* BrandCollectionViewCell.xib */,
			);
			path = BrandCollectionViewCell;
			sourceTree = "<group>";
		};
		4992607528940BF300414280 /* CarTableViewCell */ = {
			isa = PBXGroup;
			children = (
				4992607628940E8100414280 /* CarTableViewCell.swift */,
				4992607728940E8100414280 /* CarTableViewCell.xib */,
			);
			path = CarTableViewCell;
			sourceTree = "<group>";
		};
		4992607A2894113500414280 /* Cars */ = {
			isa = PBXGroup;
			children = (
				4992607B2894114800414280 /* Car.swift */,
			);
			path = Cars;
			sourceTree = "<group>";
		};
		49A0A14E28A6328100C6469E /* BD */ = {
			isa = PBXGroup;
			children = (
			);
			path = BD;
			sourceTree = "<group>";
		};
		49A9B45B28915130006A2C6F = {
			isa = PBXGroup;
			children = (
				49A9B46628915130006A2C6F /* CarRental */,
				49A9B46528915130006A2C6F /* Products */,
			);
			sourceTree = "<group>";
		};
		49A9B46528915130006A2C6F /* Products */ = {
			isa = PBXGroup;
			children = (
				49A9B46428915130006A2C6F /* CarRental.app */,
			);
			name = Products;
			sourceTree = "<group>";
		};
		49A9B46628915130006A2C6F /* CarRental */ = {
			isa = PBXGroup;
			children = (
				49ABC5D728AF76F300909CA5 /* GoogleService-Info.plist */,
				4992606C2893CC2C00414280 /* Models */,
				491A57592892BCC400D05BB6 /* Container */,
				491A57502892B76F00D05BB6 /* Utils */,
				491A57422892695000D05BB6 /* Extensions */,
				49A9B489289153DD006A2C6F /* Config */,
				49A9B488289153CD006A2C6F /* Database */,
				49A9B487289153C5006A2C6F /* Services */,
				49A9B486289153AD006A2C6F /* Pages */,
				49A9B485289153A4006A2C6F /* Components */,
				49A9B47B28915256006A2C6F /* Ressources */,
				49A9B46728915130006A2C6F /* AppDelegate.swift */,
				49A9B46928915130006A2C6F /* SceneDelegate.swift */,
				49A9B46D28915131006A2C6F /* Main.storyboard */,
				49A9B47228915150006A2C6F /* LaunchScreen.storyboard */,
				49A9B47528915150006A2C6F /* Info.plist */,
			);
			path = CarRental;
			sourceTree = "<group>";
		};
		49A9B47B28915256006A2C6F /* Ressources */ = {
			isa = PBXGroup;
			children = (
				49A0A14E28A6328100C6469E /* BD */,
				49A9B47028915150006A2C6F /* Assets.xcassets */,
				49A9B47C28915261006A2C6F /* fonts */,
			);
			path = Ressources;
			sourceTree = "<group>";
		};
		49A9B47C28915261006A2C6F /* fonts */ = {
			isa = PBXGroup;
			children = (
				49A9B48C2891585D006A2C6F /* Nunito-Black.ttf */,
				49A9B48A2891585D006A2C6F /* Nunito-Bold.ttf */,
				49A9B48B2891585D006A2C6F /* Nunito-ExtraBold.ttf */,
				49A9B48028915364006A2C6F /* Poppins-Bold.ttf */,
				49A9B47E28915364006A2C6F /* Poppins-Medium.ttf */,
				49A9B47F28915364006A2C6F /* Poppins-Regular.ttf */,
				49A9B47D28915364006A2C6F /* Poppins-SemiBold.ttf */,
			);
			path = fonts;
			sourceTree = "<group>";
		};
		49A9B485289153A4006A2C6F /* Components */ = {
			isa = PBXGroup;
			children = (
				49E781A328B3C23B008F6FD0 /* LoadingView */,
				49C71F0028AFC9E20073ADEE /* IconLabel */,
				49C71EFC28AFBF290073ADEE /* Gradient.swift */,
				490E28732897D2B400E45E93 /* CarFeatureView */,
				4992607528940BF300414280 /* CarTableViewCell */,
				499260702893D6FF00414280 /* BrandCollectionViewCell */,
				491A574528927DA200D05BB6 /* Buttons */,
				49A9B4902891603F006A2C6F /* IconTextField */,
			);
			path = Components;
			sourceTree = "<group>";
		};
		49A9B486289153AD006A2C6F /* Pages */ = {
			isa = PBXGroup;
			children = (
				49A9B46B28915130006A2C6F /* SignInViewController.swift */,
				4992605F2893B2CE00414280 /* TabBarViewController.swift */,
				491A57552892BB9300D05BB6 /* LaunchViewController.swift */,
				491A575C2892CADA00D05BB6 /* HomeViewController.swift */,
				490E28782897F93B00E45E93 /* CarDetailViewController.swift */,
				49C71F0B28AFD8860073ADEE /* SettingViewController.swift */,
				49930BCD28B35697003DBB22 /* SignUpViewController.swift */,
			);
			path = Pages;
			sourceTree = "<group>";
		};
		49A9B487289153C5006A2C6F /* Services */ = {
			isa = PBXGroup;
			children = (
			);
			path = Services;
			sourceTree = "<group>";
		};
		49A9B488289153CD006A2C6F /* Database */ = {
			isa = PBXGroup;
			children = (
				49BAD4CB2898FE890026FC5F /* Models */,
			);
			path = Database;
			sourceTree = "<group>";
		};
		49A9B489289153DD006A2C6F /* Config */ = {
			isa = PBXGroup;
			children = (
			);
			path = Config;
			sourceTree = "<group>";
		};
		49A9B4902891603F006A2C6F /* IconTextField */ = {
			isa = PBXGroup;
			children = (
				49A9B49128916095006A2C6F /* IconTextField.swift */,
				49A9B4932891644F006A2C6F /* IconTextField.xib */,
				49A9B4952891768D006A2C6F /* TextFieldViewModel.swift */,
			);
			path = IconTextField;
			sourceTree = "<group>";
		};
		49BAD4CB2898FE890026FC5F /* Models */ = {
			isa = PBXGroup;
			children = (
				49BAD4CC2898FEA50026FC5F /* Customer.swift */,
				49BAD4CE289901670026FC5F /* Cars.swift */,
				49BAD4D02899060B0026FC5F /* Rental.swift */,
				49BAD4D2289908F90026FC5F /* Transaction.swift */,
				49BAD4D428990BA70026FC5F /* Driver.swift */,
				49BAD4D628990C0D0026FC5F /* Report.swift */,
				4996A47828AB9BD700038BB2 /* Brand.swift */,
			);
			path = Models;
			sourceTree = "<group>";
		};
		49C71F0028AFC9E20073ADEE /* IconLabel */ = {
			isa = PBXGroup;
			children = (
				49C71F0328AFCC960073ADEE /* IconLabel.xib */,
				49C71F0528AFD1100073ADEE /* IconLabel.swift */,
				49C71F0728AFD2D00073ADEE /* IconLabelViewModel.swift */,
			);
			path = IconLabel;
			sourceTree = "<group>";
		};
		49E781A328B3C23B008F6FD0 /* LoadingView */ = {
			isa = PBXGroup;
			children = (
				49E781A428B3C25E008F6FD0 /* LoadingView.swift */,
				49E781A628B3C26F008F6FD0 /* LoadingView.xib */,
			);
			path = LoadingView;
			sourceTree = "<group>";
		};
/* End PBXGroup section */

/* Begin PBXNativeTarget section */
		49A9B46328915130006A2C6F /* CarRental */ = {
			isa = PBXNativeTarget;
			buildConfigurationList = 49A9B47828915150006A2C6F /* Build configuration list for PBXNativeTarget "CarRental" */;
			buildPhases = (
				49A9B46028915130006A2C6F /* Sources */,
				49A9B46128915130006A2C6F /* Frameworks */,
				49A9B46228915130006A2C6F /* Resources */,
			);
			buildRules = (
			);
			dependencies = (
			);
			name = CarRental;
			packageProductDependencies = (
				49BAD4C72898FCF10026FC5F /* Realm */,
				49BAD4C92898FCF10026FC5F /* RealmSwift */,
				49C71EE228AFA0870073ADEE /* FirebaseAnalytics */,
				49C71EE428AFA0870073ADEE /* FirebaseAnalyticsSwift */,
				49C71EE628AFA0870073ADEE /* FirebaseAuth */,
				49C71EE828AFA0870073ADEE /* FirebaseAuthCombine-Community */,
				49C71EEA28AFA0870073ADEE /* FirebaseCrashlytics */,
				49C71EEC28AFA0870073ADEE /* FirebaseDatabase */,
				49C71EEE28AFA0870073ADEE /* FirebaseDatabaseSwift */,
				49C71EF028AFA0870073ADEE /* FirebaseFirestore */,
				49C71EF228AFA0870073ADEE /* FirebaseFirestoreCombine-Community */,
				49C71EF428AFA0870073ADEE /* FirebaseFirestoreSwift */,
				49C71EF628AFA0870073ADEE /* FirebaseMessaging */,
				49C71EF828AFA0870073ADEE /* FirebaseStorage */,
				49C71EFA28AFA0870073ADEE /* FirebaseStorageCombine-Community */,
			);
			productName = CarRental;
			productReference = 49A9B46428915130006A2C6F /* CarRental.app */;
			productType = "com.apple.product-type.application";
		};
/* End PBXNativeTarget section */

/* Begin PBXProject section */
		49A9B45C28915130006A2C6F /* Project object */ = {
			isa = PBXProject;
			attributes = {
				BuildIndependentTargetsInParallel = 1;
				LastSwiftUpdateCheck = 1340;
				LastUpgradeCheck = 1340;
				TargetAttributes = {
					49A9B46328915130006A2C6F = {
						CreatedOnToolsVersion = 13.4.1;
					};
				};
			};
			buildConfigurationList = 49A9B45F28915130006A2C6F /* Build configuration list for PBXProject "CarRental" */;
			compatibilityVersion = "Xcode 13.0";
			developmentRegion = en;
			hasScannedForEncodings = 0;
			knownRegions = (
				en,
				Base,
			);
			mainGroup = 49A9B45B28915130006A2C6F;
			packageReferences = (
				49BAD4C62898FCF10026FC5F /* XCRemoteSwiftPackageReference "realm-swift" */,
				49C71EE128AFA0870073ADEE /* XCRemoteSwiftPackageReference "firebase-ios-sdk" */,
			);
			productRefGroup = 49A9B46528915130006A2C6F /* Products */;
			projectDirPath = "";
			projectRoot = "";
			targets = (
				49A9B46328915130006A2C6F /* CarRental */,
			);
		};
/* End PBXProject section */

/* Begin PBXResourcesBuildPhase section */
		49A9B46228915130006A2C6F /* Resources */ = {
			isa = PBXResourcesBuildPhase;
			buildActionMask = 2147483647;
			files = (
				49A9B47428915150006A2C6F /* LaunchScreen.storyboard in Resources */,
				49A9B48F2891585D006A2C6F /* Nunito-Black.ttf in Resources */,
				49ABC5D828AF76F300909CA5 /* GoogleService-Info.plist in Resources */,
				490E28772897D36700E45E93 /* CarFeatureView.xib in Resources */,
				499260742893D72800414280 /* BrandCollectionViewCell.xib in Resources */,
				49A9B48128915364006A2C6F /* Poppins-SemiBold.ttf in Resources */,
				49A9B48428915364006A2C6F /* Poppins-Bold.ttf in Resources */,
				49C71F0428AFCC960073ADEE /* IconLabel.xib in Resources */,
				49A9B4942891644F006A2C6F /* IconTextField.xib in Resources */,
				49A9B48E2891585D006A2C6F /* Nunito-ExtraBold.ttf in Resources */,
				4992607928940E8100414280 /* CarTableViewCell.xib in Resources */,
				49E781A728B3C26F008F6FD0 /* LoadingView.xib in Resources */,
				49A9B47128915150006A2C6F /* Assets.xcassets in Resources */,
				49A9B48328915364006A2C6F /* Poppins-Regular.ttf in Resources */,
				49A9B46F28915131006A2C6F /* Main.storyboard in Resources */,
				49A9B48D2891585D006A2C6F /* Nunito-Bold.ttf in Resources */,
				49A9B48228915364006A2C6F /* Poppins-Medium.ttf in Resources */,
			);
			runOnlyForDeploymentPostprocessing = 0;
		};
/* End PBXResourcesBuildPhase section */

/* Begin PBXSourcesBuildPhase section */
		49A9B46028915130006A2C6F /* Sources */ = {
			isa = PBXSourcesBuildPhase;
			buildActionMask = 2147483647;
			files = (
				491A57522892B79500D05BB6 /* KeychainWrapper.swift in Sources */,
				4996A47928AB9BD700038BB2 /* Brand.swift in Sources */,
				491A574728927DF100D05BB6 /* Button.swift in Sources */,
				49A0A15028A6939700C6469E /* UIImageView+Extension.swift in Sources */,
				49C71EFF28AFC35A0073ADEE /* UIImage+Extension.swift in Sources */,
				49C71F0C28AFD8860073ADEE /* SettingViewController.swift in Sources */,
				49C71F0828AFD2D00073ADEE /* IconLabelViewModel.swift in Sources */,
				491A57442892697400D05BB6 /* UIView+Extension.swift in Sources */,
				49C71EFD28AFBF290073ADEE /* Gradient.swift in Sources */,
				49BAD4D528990BA70026FC5F /* Driver.swift in Sources */,
				49A9B4962891768D006A2C6F /* TextFieldViewModel.swift in Sources */,
				490E28752897D34300E45E93 /* CarFeatureView.swift in Sources */,
				490E28792897F93B00E45E93 /* CarDetailViewController.swift in Sources */,
				4992606F2893CC6A00414280 /* BrandViewModel.swift in Sources */,
				49BAD4CD2898FEA50026FC5F /* Customer.swift in Sources */,
				499260732893D72800414280 /* BrandCollectionViewCell.swift in Sources */,
				49BAD4D12899060B0026FC5F /* Rental.swift in Sources */,
				49E781A528B3C25E008F6FD0 /* LoadingView.swift in Sources */,
				49A9B49228916095006A2C6F /* IconTextField.swift in Sources */,
				491A575D2892CADA00D05BB6 /* HomeViewController.swift in Sources */,
				491A57542892B8C100D05BB6 /* KeychainAttrRepresentable.swift in Sources */,
				4998957828B4B11700BA9A7D /* UIButton+Extension.swift in Sources */,
				49A9B46C28915130006A2C6F /* SignInViewController.swift in Sources */,
				49C71F0628AFD1100073ADEE /* IconLabel.swift in Sources */,
				49BAD4D3289908F90026FC5F /* Transaction.swift in Sources */,
				491A575B2892BCE200D05BB6 /* VC.swift in Sources */,
				49A9B46828915130006A2C6F /* AppDelegate.swift in Sources */,
				491A57562892BB9300D05BB6 /* LaunchViewController.swift in Sources */,
				491A57582892BC4B00D05BB6 /* Defaults.swift in Sources */,
				4992607828940E8100414280 /* CarTableViewCell.swift in Sources */,
				49A9B46A28915130006A2C6F /* SceneDelegate.swift in Sources */,
				49930BCE28B35697003DBB22 /* SignUpViewController.swift in Sources */,
				4992607C2894114800414280 /* Car.swift in Sources */,
				49BAD4D728990C0D0026FC5F /* Report.swift in Sources */,
				499260602893B2CE00414280 /* TabBarViewController.swift in Sources */,
				49BAD4CF289901670026FC5F /* Cars.swift in Sources */,
				491A574928927E8300D05BB6 /* UIColor+Extension.swift in Sources */,
			);
			runOnlyForDeploymentPostprocessing = 0;
		};
/* End PBXSourcesBuildPhase section */

/* Begin PBXVariantGroup section */
		49A9B46D28915131006A2C6F /* Main.storyboard */ = {
			isa = PBXVariantGroup;
			children = (
				49A9B46E28915131006A2C6F /* Base */,
			);
			name = Main.storyboard;
			sourceTree = "<group>";
		};
		49A9B47228915150006A2C6F /* LaunchScreen.storyboard */ = {
			isa = PBXVariantGroup;
			children = (
				49A9B47328915150006A2C6F /* Base */,
			);
			name = LaunchScreen.storyboard;
			sourceTree = "<group>";
		};
/* End PBXVariantGroup section */

/* Begin XCBuildConfiguration section */
		49A9B47628915150006A2C6F /* Debug */ = {
			isa = XCBuildConfiguration;
			buildSettings = {
				ALWAYS_SEARCH_USER_PATHS = NO;
				CLANG_ANALYZER_NONNULL = YES;
				CLANG_ANALYZER_NUMBER_OBJECT_CONVERSION = YES_AGGRESSIVE;
				CLANG_CXX_LANGUAGE_STANDARD = "gnu++17";
				CLANG_ENABLE_MODULES = YES;
				CLANG_ENABLE_OBJC_ARC = YES;
				CLANG_ENABLE_OBJC_WEAK = YES;
				CLANG_WARN_BLOCK_CAPTURE_AUTORELEASING = YES;
				CLANG_WARN_BOOL_CONVERSION = YES;
				CLANG_WARN_COMMA = YES;
				CLANG_WARN_CONSTANT_CONVERSION = YES;
				CLANG_WARN_DEPRECATED_OBJC_IMPLEMENTATIONS = YES;
				CLANG_WARN_DIRECT_OBJC_ISA_USAGE = YES_ERROR;
				CLANG_WARN_DOCUMENTATION_COMMENTS = YES;
				CLANG_WARN_EMPTY_BODY = YES;
				CLANG_WARN_ENUM_CONVERSION = YES;
				CLANG_WARN_INFINITE_RECURSION = YES;
				CLANG_WARN_INT_CONVERSION = YES;
				CLANG_WARN_NON_LITERAL_NULL_CONVERSION = YES;
				CLANG_WARN_OBJC_IMPLICIT_RETAIN_SELF = YES;
				CLANG_WARN_OBJC_LITERAL_CONVERSION = YES;
				CLANG_WARN_OBJC_ROOT_CLASS = YES_ERROR;
				CLANG_WARN_QUOTED_INCLUDE_IN_FRAMEWORK_HEADER = YES;
				CLANG_WARN_RANGE_LOOP_ANALYSIS = YES;
				CLANG_WARN_STRICT_PROTOTYPES = YES;
				CLANG_WARN_SUSPICIOUS_MOVE = YES;
				CLANG_WARN_UNGUARDED_AVAILABILITY = YES_AGGRESSIVE;
				CLANG_WARN_UNREACHABLE_CODE = YES;
				CLANG_WARN__DUPLICATE_METHOD_MATCH = YES;
				COPY_PHASE_STRIP = NO;
				DEBUG_INFORMATION_FORMAT = dwarf;
				ENABLE_STRICT_OBJC_MSGSEND = YES;
				ENABLE_TESTABILITY = YES;
				GCC_C_LANGUAGE_STANDARD = gnu11;
				GCC_DYNAMIC_NO_PIC = NO;
				GCC_NO_COMMON_BLOCKS = YES;
				GCC_OPTIMIZATION_LEVEL = 0;
				GCC_PREPROCESSOR_DEFINITIONS = (
					"DEBUG=1",
					"$(inherited)",
				);
				GCC_WARN_64_TO_32_BIT_CONVERSION = YES;
				GCC_WARN_ABOUT_RETURN_TYPE = YES_ERROR;
				GCC_WARN_UNDECLARED_SELECTOR = YES;
				GCC_WARN_UNINITIALIZED_AUTOS = YES_AGGRESSIVE;
				GCC_WARN_UNUSED_FUNCTION = YES;
				GCC_WARN_UNUSED_VARIABLE = YES;
				IPHONEOS_DEPLOYMENT_TARGET = 14.0;
				MTL_ENABLE_DEBUG_INFO = INCLUDE_SOURCE;
				MTL_FAST_MATH = YES;
				ONLY_ACTIVE_ARCH = YES;
				SDKROOT = iphoneos;
				SWIFT_ACTIVE_COMPILATION_CONDITIONS = DEBUG;
				SWIFT_OPTIMIZATION_LEVEL = "-Onone";
			};
			name = Debug;
		};
		49A9B47728915150006A2C6F /* Release */ = {
			isa = XCBuildConfiguration;
			buildSettings = {
				ALWAYS_SEARCH_USER_PATHS = NO;
				CLANG_ANALYZER_NONNULL = YES;
				CLANG_ANALYZER_NUMBER_OBJECT_CONVERSION = YES_AGGRESSIVE;
				CLANG_CXX_LANGUAGE_STANDARD = "gnu++17";
				CLANG_ENABLE_MODULES = YES;
				CLANG_ENABLE_OBJC_ARC = YES;
				CLANG_ENABLE_OBJC_WEAK = YES;
				CLANG_WARN_BLOCK_CAPTURE_AUTORELEASING = YES;
				CLANG_WARN_BOOL_CONVERSION = YES;
				CLANG_WARN_COMMA = YES;
				CLANG_WARN_CONSTANT_CONVERSION = YES;
				CLANG_WARN_DEPRECATED_OBJC_IMPLEMENTATIONS = YES;
				CLANG_WARN_DIRECT_OBJC_ISA_USAGE = YES_ERROR;
				CLANG_WARN_DOCUMENTATION_COMMENTS = YES;
				CLANG_WARN_EMPTY_BODY = YES;
				CLANG_WARN_ENUM_CONVERSION = YES;
				CLANG_WARN_INFINITE_RECURSION = YES;
				CLANG_WARN_INT_CONVERSION = YES;
				CLANG_WARN_NON_LITERAL_NULL_CONVERSION = YES;
				CLANG_WARN_OBJC_IMPLICIT_RETAIN_SELF = YES;
				CLANG_WARN_OBJC_LITERAL_CONVERSION = YES;
				CLANG_WARN_OBJC_ROOT_CLASS = YES_ERROR;
				CLANG_WARN_QUOTED_INCLUDE_IN_FRAMEWORK_HEADER = YES;
				CLANG_WARN_RANGE_LOOP_ANALYSIS = YES;
				CLANG_WARN_STRICT_PROTOTYPES = YES;
				CLANG_WARN_SUSPICIOUS_MOVE = YES;
				CLANG_WARN_UNGUARDED_AVAILABILITY = YES_AGGRESSIVE;
				CLANG_WARN_UNREACHABLE_CODE = YES;
				CLANG_WARN__DUPLICATE_METHOD_MATCH = YES;
				COPY_PHASE_STRIP = NO;
				DEBUG_INFORMATION_FORMAT = "dwarf-with-dsym";
				ENABLE_NS_ASSERTIONS = NO;
				ENABLE_STRICT_OBJC_MSGSEND = YES;
				GCC_C_LANGUAGE_STANDARD = gnu11;
				GCC_NO_COMMON_BLOCKS = YES;
				GCC_WARN_64_TO_32_BIT_CONVERSION = YES;
				GCC_WARN_ABOUT_RETURN_TYPE = YES_ERROR;
				GCC_WARN_UNDECLARED_SELECTOR = YES;
				GCC_WARN_UNINITIALIZED_AUTOS = YES_AGGRESSIVE;
				GCC_WARN_UNUSED_FUNCTION = YES;
				GCC_WARN_UNUSED_VARIABLE = YES;
				IPHONEOS_DEPLOYMENT_TARGET = 14.0;
				MTL_ENABLE_DEBUG_INFO = NO;
				MTL_FAST_MATH = YES;
				SDKROOT = iphoneos;
				SWIFT_COMPILATION_MODE = wholemodule;
				SWIFT_OPTIMIZATION_LEVEL = "-O";
				VALIDATE_PRODUCT = YES;
			};
			name = Release;
		};
		49A9B47928915150006A2C6F /* Debug */ = {
			isa = XCBuildConfiguration;
			buildSettings = {
				ASSETCATALOG_COMPILER_APPICON_NAME = AppIcon;
				ASSETCATALOG_COMPILER_GLOBAL_ACCENT_COLOR_NAME = AccentColor;
				CODE_SIGN_STYLE = Automatic;
				CURRENT_PROJECT_VERSION = 1;
				DEVELOPMENT_TEAM = 5LP3MC28Z5;
				GENERATE_INFOPLIST_FILE = YES;
				INFOPLIST_FILE = CarRental/Info.plist;
				INFOPLIST_KEY_UIApplicationSupportsIndirectInputEvents = YES;
				INFOPLIST_KEY_UILaunchStoryboardName = LaunchScreen;
				INFOPLIST_KEY_UIMainStoryboardFile = Main;
				INFOPLIST_KEY_UISupportedInterfaceOrientations = UIInterfaceOrientationPortrait;
				INFOPLIST_KEY_UISupportedInterfaceOrientations_iPad = "UIInterfaceOrientationPortrait UIInterfaceOrientationPortraitUpsideDown";
				INFOPLIST_KEY_UISupportedInterfaceOrientations_iPhone = "UIInterfaceOrientationPortrait UIInterfaceOrientationLandscapeLeft UIInterfaceOrientationLandscapeRight";
				LD_RUNPATH_SEARCH_PATHS = (
					"$(inherited)",
					"@executable_path/Frameworks",
				);
				MARKETING_VERSION = 1.0;
				PRODUCT_BUNDLE_IDENTIFIER = com.madiapp.CarRental;
				PRODUCT_NAME = "$(TARGET_NAME)";
				SWIFT_EMIT_LOC_STRINGS = YES;
				SWIFT_VERSION = 5.0;
				TARGETED_DEVICE_FAMILY = "1,2";
			};
			name = Debug;
		};
		49A9B47A28915150006A2C6F /* Release */ = {
			isa = XCBuildConfiguration;
			buildSettings = {
				ASSETCATALOG_COMPILER_APPICON_NAME = AppIcon;
				ASSETCATALOG_COMPILER_GLOBAL_ACCENT_COLOR_NAME = AccentColor;
				CODE_SIGN_STYLE = Automatic;
				CURRENT_PROJECT_VERSION = 1;
				DEVELOPMENT_TEAM = 5LP3MC28Z5;
				GENERATE_INFOPLIST_FILE = YES;
				INFOPLIST_FILE = CarRental/Info.plist;
				INFOPLIST_KEY_UIApplicationSupportsIndirectInputEvents = YES;
				INFOPLIST_KEY_UILaunchStoryboardName = LaunchScreen;
				INFOPLIST_KEY_UIMainStoryboardFile = Main;
				INFOPLIST_KEY_UISupportedInterfaceOrientations = UIInterfaceOrientationPortrait;
				INFOPLIST_KEY_UISupportedInterfaceOrientations_iPad = "UIInterfaceOrientationPortrait UIInterfaceOrientationPortraitUpsideDown";
				INFOPLIST_KEY_UISupportedInterfaceOrientations_iPhone = "UIInterfaceOrientationPortrait UIInterfaceOrientationLandscapeLeft UIInterfaceOrientationLandscapeRight";
				LD_RUNPATH_SEARCH_PATHS = (
					"$(inherited)",
					"@executable_path/Frameworks",
				);
				MARKETING_VERSION = 1.0;
				PRODUCT_BUNDLE_IDENTIFIER = com.madiapp.CarRental;
				PRODUCT_NAME = "$(TARGET_NAME)";
				SWIFT_EMIT_LOC_STRINGS = YES;
				SWIFT_VERSION = 5.0;
				TARGETED_DEVICE_FAMILY = "1,2";
			};
			name = Release;
		};
/* End XCBuildConfiguration section */

/* Begin XCConfigurationList section */
		49A9B45F28915130006A2C6F /* Build configuration list for PBXProject "CarRental" */ = {
			isa = XCConfigurationList;
			buildConfigurations = (
				49A9B47628915150006A2C6F /* Debug */,
				49A9B47728915150006A2C6F /* Release */,
			);
			defaultConfigurationIsVisible = 0;
			defaultConfigurationName = Release;
		};
		49A9B47828915150006A2C6F /* Build configuration list for PBXNativeTarget "CarRental" */ = {
			isa = XCConfigurationList;
			buildConfigurations = (
				49A9B47928915150006A2C6F /* Debug */,
				49A9B47A28915150006A2C6F /* Release */,
			);
			defaultConfigurationIsVisible = 0;
			defaultConfigurationName = Release;
		};
/* End XCConfigurationList section */

/* Begin XCRemoteSwiftPackageReference section */
		49BAD4C62898FCF10026FC5F /* XCRemoteSwiftPackageReference "realm-swift" */ = {
			isa = XCRemoteSwiftPackageReference;
			repositoryURL = "https://github.com/realm/realm-swift";
			requirement = {
				branch = master;
				kind = branch;
			};
		};
		49C71EE128AFA0870073ADEE /* XCRemoteSwiftPackageReference "firebase-ios-sdk" */ = {
			isa = XCRemoteSwiftPackageReference;
			repositoryURL = "https://github.com/firebase/firebase-ios-sdk";
			requirement = {
				branch = master;
				kind = branch;
			};
		};
/* End XCRemoteSwiftPackageReference section */

/* Begin XCSwiftPackageProductDependency section */
		49BAD4C72898FCF10026FC5F /* Realm */ = {
			isa = XCSwiftPackageProductDependency;
			package = 49BAD4C62898FCF10026FC5F /* XCRemoteSwiftPackageReference "realm-swift" */;
			productName = Realm;
		};
		49BAD4C92898FCF10026FC5F /* RealmSwift */ = {
			isa = XCSwiftPackageProductDependency;
			package = 49BAD4C62898FCF10026FC5F /* XCRemoteSwiftPackageReference "realm-swift" */;
			productName = RealmSwift;
		};
		49C71EE228AFA0870073ADEE /* FirebaseAnalytics */ = {
			isa = XCSwiftPackageProductDependency;
			package = 49C71EE128AFA0870073ADEE /* XCRemoteSwiftPackageReference "firebase-ios-sdk" */;
			productName = FirebaseAnalytics;
		};
		49C71EE428AFA0870073ADEE /* FirebaseAnalyticsSwift */ = {
			isa = XCSwiftPackageProductDependency;
			package = 49C71EE128AFA0870073ADEE /* XCRemoteSwiftPackageReference "firebase-ios-sdk" */;
			productName = FirebaseAnalyticsSwift;
		};
		49C71EE628AFA0870073ADEE /* FirebaseAuth */ = {
			isa = XCSwiftPackageProductDependency;
			package = 49C71EE128AFA0870073ADEE /* XCRemoteSwiftPackageReference "firebase-ios-sdk" */;
			productName = FirebaseAuth;
		};
		49C71EE828AFA0870073ADEE /* FirebaseAuthCombine-Community */ = {
			isa = XCSwiftPackageProductDependency;
			package = 49C71EE128AFA0870073ADEE /* XCRemoteSwiftPackageReference "firebase-ios-sdk" */;
			productName = "FirebaseAuthCombine-Community";
		};
		49C71EEA28AFA0870073ADEE /* FirebaseCrashlytics */ = {
			isa = XCSwiftPackageProductDependency;
			package = 49C71EE128AFA0870073ADEE /* XCRemoteSwiftPackageReference "firebase-ios-sdk" */;
			productName = FirebaseCrashlytics;
		};
		49C71EEC28AFA0870073ADEE /* FirebaseDatabase */ = {
			isa = XCSwiftPackageProductDependency;
			package = 49C71EE128AFA0870073ADEE /* XCRemoteSwiftPackageReference "firebase-ios-sdk" */;
			productName = FirebaseDatabase;
		};
		49C71EEE28AFA0870073ADEE /* FirebaseDatabaseSwift */ = {
			isa = XCSwiftPackageProductDependency;
			package = 49C71EE128AFA0870073ADEE /* XCRemoteSwiftPackageReference "firebase-ios-sdk" */;
			productName = FirebaseDatabaseSwift;
		};
		49C71EF028AFA0870073ADEE /* FirebaseFirestore */ = {
			isa = XCSwiftPackageProductDependency;
			package = 49C71EE128AFA0870073ADEE /* XCRemoteSwiftPackageReference "firebase-ios-sdk" */;
			productName = FirebaseFirestore;
		};
		49C71EF228AFA0870073ADEE /* FirebaseFirestoreCombine-Community */ = {
			isa = XCSwiftPackageProductDependency;
			package = 49C71EE128AFA0870073ADEE /* XCRemoteSwiftPackageReference "firebase-ios-sdk" */;
			productName = "FirebaseFirestoreCombine-Community";
		};
		49C71EF428AFA0870073ADEE /* FirebaseFirestoreSwift */ = {
			isa = XCSwiftPackageProductDependency;
			package = 49C71EE128AFA0870073ADEE /* XCRemoteSwiftPackageReference "firebase-ios-sdk" */;
			productName = FirebaseFirestoreSwift;
		};
		49C71EF628AFA0870073ADEE /* FirebaseMessaging */ = {
			isa = XCSwiftPackageProductDependency;
			package = 49C71EE128AFA0870073ADEE /* XCRemoteSwiftPackageReference "firebase-ios-sdk" */;
			productName = FirebaseMessaging;
		};
		49C71EF828AFA0870073ADEE /* FirebaseStorage */ = {
			isa = XCSwiftPackageProductDependency;
			package = 49C71EE128AFA0870073ADEE /* XCRemoteSwiftPackageReference "firebase-ios-sdk" */;
			productName = FirebaseStorage;
		};
		49C71EFA28AFA0870073ADEE /* FirebaseStorageCombine-Community */ = {
			isa = XCSwiftPackageProductDependency;
			package = 49C71EE128AFA0870073ADEE /* XCRemoteSwiftPackageReference "firebase-ios-sdk" */;
			productName = "FirebaseStorageCombine-Community";
		};
/* End XCSwiftPackageProductDependency section */
	};
	rootObject = 49A9B45C28915130006A2C6F /* Project object */;
}
